
Microsoft Visual Studio Solution File, Format Version 12.00
# Visual Studio 15
VisualStudioVersion = 15.0.27428.2005
MinimumVisualStudioVersion = 10.0.40219.1
Project("{FAE04EC0-301F-11D3-BF4B-00C04F79EFBC}") = "NetListener", "NetListener\NetListener.csproj", "{9A71EEFA-87FE-4239-AE3D-C0F22BAA631B}"
EndProject
Global
	GlobalSection(SolutionConfigurationPlatforms) = preSolution
		Debug|Any CPU = Debug|Any CPU
		Release|Any CPU = Release|Any CPU
	EndGlobalSection
	GlobalSection(ProjectConfigurationPlatforms) = postSolution
		{9A71EEFA-87FE-4239-AE3D-C0F22BAA631B}.Debug|Any CPU.ActiveCfg = Debug|Any CPU
		{9A71EEFA-87FE-4239-AE3D-C0F22BAA631B}.Debug|Any CPU.Build.0 = Debug|Any CPU
		{9A71EEFA-87FE-4239-AE3D-C0F22BAA631B}.Release|Any CPU.ActiveCfg = Release|Any CPU
		{9A71EEFA-87FE-4239-AE3D-C0F22BAA631B}.Release|Any CPU.Build.0 = Release|Any CPU
	EndGlobalSection
	GlobalSection(SolutionProperties) = preSolution
		HideSolutionNode = FALSE
	EndGlobalSection
	GlobalSection(ExtensibilityGlobals) = postSolution
		SolutionGuid = {B1B04B72-13A8-4C2F-A853-35029A26A83A}
	EndGlobalSection
EndGlobal
